github.com/gorilla/mux v1.7.3 h1:gnP5JzjVOuiZD07fKKToCAOjS0yOpj/qPETTXCCS6hw=
github.com/gorilla/mux v1.7.3/go.mod h1:1lud6UwP+6orDFRuTfBEV8e9/aOM/c4fVVCaMa2zaAs=
github.com/hisamura333/todo v0.0.0-20191003134941-705721ff9fdf h1:Fq246hWqs7+/H/BY/TzTcDyMbzBET7rVfN7RdZJWdxo=
github.com/hisamura333/todo v0.0.0-20191003134941-705721ff9fdf/go.mod h1:KhrGMNM3zrHpgps9l/kUzQ/uSgzc7X2/msMS5NFf4/Y=
